
Microsoft Visual Studio Solution File, Format Version 12.00
# Visual Studio 14
VisualStudioVersion = 14.0.25420.1
MinimumVisualStudioVersion = 10.0.40219.1
Project("{FAE04EC0-301F-11D3-BF4B-00C04F79EFBC}") = "FootballWebApp", "FootballWebApp\FootballWebApp.csproj", "{1F7EA5D9-8AE3-4DC5-86D3-177CC8F1301B}"
EndProject
Project("{FAE04EC0-301F-11D3-BF4B-00C04F79EFBC}") = "ManagerDataAccess", "ManagerDataAccess\ManagerDataAccess.csproj", "{CDE4B5D3-74E1-42EA-91EF-DE75DF3F04F4}"
EndProject
Global
	GlobalSection(SolutionConfigurationPlatforms) = preSolution
		Debug|Any CPU = Debug|Any CPU
		Release|Any CPU = Release|Any CPU
	EndGlobalSection
	GlobalSection(ProjectConfigurationPlatforms) = postSolution
		{1F7EA5D9-8AE3-4DC5-86D3-177CC8F1301B}.Debug|Any CPU.ActiveCfg = Debug|Any CPU
		{1F7EA5D9-8AE3-4DC5-86D3-177CC8F1301B}.Debug|Any CPU.Build.0 = Debug|Any CPU
		{1F7EA5D9-8AE3-4DC5-86D3-177CC8F1301B}.Release|Any CPU.ActiveCfg = Release|Any CPU
		{1F7EA5D9-8AE3-4DC5-86D3-177CC8F1301B}.Release|Any CPU.Build.0 = Release|Any CPU
		{CDE4B5D3-74E1-42EA-91EF-DE75DF3F04F4}.Debug|Any CPU.ActiveCfg = Debug|Any CPU
		{CDE4B5D3-74E1-42EA-91EF-DE75DF3F04F4}.Debug|Any CPU.Build.0 = Debug|Any CPU
		{CDE4B5D3-74E1-42EA-91EF-DE75DF3F04F4}.Release|Any CPU.ActiveCfg = Release|Any CPU
		{CDE4B5D3-74E1-42EA-91EF-DE75DF3F04F4}.Release|Any CPU.Build.0 = Release|Any CPU
	EndGlobalSection
	GlobalSection(SolutionProperties) = preSolution
		HideSolutionNode = FALSE
	EndGlobalSection
EndGlobal
